
Microsoft Visual Studio Solution File, Format Version 12.00
# Visual Studio Version 17
VisualStudioVersion = 17.4.33403.182
MinimumVisualStudioVersion = 10.0.40219.1
Project("{FAE04EC0-301F-11D3-BF4B-00C04F79EFBC}") = "calc_box_volume", "calc_box_volume\calc_box_volume.csproj", "{7929B89D-2789-4B95-A5DA-0B8391BB57CC}"
EndProject
Global
	GlobalSection(SolutionConfigurationPlatforms) = preSolution
		Debug|Any CPU = Debug|Any CPU
		Release|Any CPU = Release|Any CPU
	EndGlobalSection
	GlobalSection(ProjectConfigurationPlatforms) = postSolution
		{7929B89D-2789-4B95-A5DA-0B8391BB57CC}.Debug|Any CPU.ActiveCfg = Debug|Any CPU
		{7929B89D-2789-4B95-A5DA-0B8391BB57CC}.Debug|Any CPU.Build.0 = Debug|Any CPU
		{7929B89D-2789-4B95-A5DA-0B8391BB57CC}.Release|Any CPU.ActiveCfg = Release|Any CPU
		{7929B89D-2789-4B95-A5DA-0B8391BB57CC}.Release|Any CPU.Build.0 = Release|Any CPU
	EndGlobalSection
	GlobalSection(SolutionProperties) = preSolution
		HideSolutionNode = FALSE
	EndGlobalSection
	GlobalSection(ExtensibilityGlobals) = postSolution
		SolutionGuid = {9BF76405-4369-4589-89E1-0419959E2221}
	EndGlobalSection
EndGlobal
